
Microsoft Visual Studio Solution File, Format Version 11.00
# Visual Studio 2010
Project("{FAE04EC0-301F-11D3-BF4B-00C04F79EFBC}") = "VanessaSharp.Proxy.Common", "VanessaSharp.Proxy.Common\VanessaSharp.Proxy.Common.csproj", "{F584A6A1-469D-4755-9BE0-26241F56E452}"
EndProject
Project("{FAE04EC0-301F-11D3-BF4B-00C04F79EFBC}") = "VanessaSharp.Proxy.V82", "VanessaSharp.Proxy.V82\VanessaSharp.Proxy.V82.csproj", "{200FB3E2-C92B-43C8-A944-4CD4BE5A233B}"
EndProject
Project("{2150E333-8FDC-42A3-9474-1A3956D46DE8}") = "Solution Items", "Solution Items", "{EF47D692-349F-46E2-9725-C3EBF2165820}"
	ProjectSection(SolutionItems) = preProject
		ProductInfo.cs = ProductInfo.cs
	EndProjectSection
EndProject
Project("{FAE04EC0-301F-11D3-BF4B-00C04F79EFBC}") = "VanessaSharp.Proxy.V82.Tests", "VanessaSharp.Proxy.V82.Tests\VanessaSharp.Proxy.V82.Tests.csproj", "{4DDE8B82-8C78-4F85-8392-B3E2AA46E600}"
EndProject
Project("{FAE04EC0-301F-11D3-BF4B-00C04F79EFBC}") = "VanessaSharp.Data", "VanessaSharp.Data\VanessaSharp.Data.csproj", "{F159DEE7-6216-4335-82DF-556FF74084A1}"
EndProject
Project("{FAE04EC0-301F-11D3-BF4B-00C04F79EFBC}") = "VanessaSharp.Data.Tests", "VanessaSharp.Data.Tests\VanessaSharp.Data.Tests.csproj", "{92889CB5-EDD2-4AA7-9030-C1D9B9B40FA9}"
EndProject
Project("{2150E333-8FDC-42A3-9474-1A3956D46DE8}") = "Db", "Db", "{D231F52C-1650-4523-A365-7AB2009A6BF7}"
EndProject
Project("{FAE04EC0-301F-11D3-BF4B-00C04F79EFBC}") = "VanessaSharp.WpfClient", "VanessaSharp.WpfClient\VanessaSharp.WpfClient.csproj", "{A3B0B184-809D-409C-9031-0082A9C58A10}"
EndProject
Project("{FAE04EC0-301F-11D3-BF4B-00C04F79EFBC}") = "VanessaSharp.Proxy.Common.Tests", "VanessaSharp.Proxy.Common.Tests\VanessaSharp.Proxy.Common.Tests.csproj", "{1C35C29A-094A-4F16-924F-C5FDE187D96D}"
EndProject
Project("{FAE04EC0-301F-11D3-BF4B-00C04F79EFBC}") = "VanessaSharp.Data.AcceptanceTests", "VanessaSharp.Data.AcceptanceTests\VanessaSharp.Data.AcceptanceTests.csproj", "{6615CF08-B47C-42AF-877F-00A13943CA86}"
EndProject
Project("{FAE04EC0-301F-11D3-BF4B-00C04F79EFBC}") = "VanessaSharp.Data.UnitTests", "VanessaSharp.Data.UnitTests\VanessaSharp.Data.UnitTests.csproj", "{9CB9BDB7-29AB-4778-8F49-E7E5B3A43780}"
EndProject
Project("{2150E333-8FDC-42A3-9474-1A3956D46DE8}") = "SampleDb", "SampleDb", "{92BCE3AE-D949-47FD-BA01-52689A3061C8}"
EndProject
Project("{2150E333-8FDC-42A3-9474-1A3956D46DE8}") = "AcceptanceTestDb", "AcceptanceTestDb", "{4E8CC641-EB97-4EAF-85AA-B80BB06ECD9D}"
	ProjectSection(SolutionItems) = preProject
		AcceptanceTestDb\1Cv8.1CD = AcceptanceTestDb\1Cv8.1CD
	EndProjectSection
EndProject
Project("{2150E333-8FDC-42A3-9474-1A3956D46DE8}") = "Requirements", "Requirements", "{B0BF4273-9A8D-4E86-BEDF-169B5C80D9CC}"
	ProjectSection(SolutionItems) = preProject
		Requirements\Backlog.xlsx = Requirements\Backlog.xlsx
	EndProjectSection
EndProject
Project("{FAE04EC0-301F-11D3-BF4B-00C04F79EFBC}") = "VanessaSharp.Data.Linq", "VanessaSharp.Data.Linq\VanessaSharp.Data.Linq.csproj", "{1B1AB6C6-5603-470F-A05A-712682A87CEE}"
EndProject
Project("{FAE04EC0-301F-11D3-BF4B-00C04F79EFBC}") = "VanessaSharp.Data.Linq.AcceptanceTests", "VanessaSharp.Data.Linq.AcceptanceTests\VanessaSharp.Data.Linq.AcceptanceTests.csproj", "{0830AE66-7582-4AC4-83BA-EDCE2605FAED}"
EndProject
Project("{FAE04EC0-301F-11D3-BF4B-00C04F79EFBC}") = "VanessaSharp.AcceptanceTests.Utility", "VanessaSharp.AcceptanceTests.Utility\VanessaSharp.AcceptanceTests.Utility.csproj", "{DC606420-EEB7-43AB-A8BF-53BB78F949C6}"
EndProject
Project("{FAE04EC0-301F-11D3-BF4B-00C04F79EFBC}") = "VanessaSharp.Data.Linq.UnitTests", "VanessaSharp.Data.Linq.UnitTests\VanessaSharp.Data.Linq.UnitTests.csproj", "{6672CBB0-9BAE-48E1-BBC9-255FB90033EC}"
EndProject
Project("{2150E333-8FDC-42A3-9474-1A3956D46DE8}") = "Proxy", "Proxy", "{13D9809B-6F40-4DC1-862F-26C88D92C5E4}"
EndProject
Project("{2150E333-8FDC-42A3-9474-1A3956D46DE8}") = "ADO.Net Provider", "ADO.Net Provider", "{38B68107-02F6-442A-8AE7-984978F26609}"
EndProject
Project("{2150E333-8FDC-42A3-9474-1A3956D46DE8}") = "LINQ Provider", "LINQ Provider", "{D0342D99-F3B6-4B65-BF3E-2D485B8FB195}"
EndProject
Project("{2150E333-8FDC-42A3-9474-1A3956D46DE8}") = "Common", "Common", "{B54EAEBA-8383-46B8-AADB-2E67D3D3AE8F}"
EndProject
Global
	GlobalSection(SolutionConfigurationPlatforms) = preSolution
		Debug|Any CPU = Debug|Any CPU
		Debug|Mixed Platforms = Debug|Mixed Platforms
		Debug|x86 = Debug|x86
		Release|Any CPU = Release|Any CPU
		Release|Mixed Platforms = Release|Mixed Platforms
		Release|x86 = Release|x86
	EndGlobalSection
	GlobalSection(ProjectConfigurationPlatforms) = postSolution
		{F584A6A1-469D-4755-9BE0-26241F56E452}.Debug|Any CPU.ActiveCfg = Debug|Any CPU
		{F584A6A1-469D-4755-9BE0-26241F56E452}.Debug|Any CPU.Build.0 = Debug|Any CPU
		{F584A6A1-469D-4755-9BE0-26241F56E452}.Debug|Mixed Platforms.ActiveCfg = Debug|Any CPU
		{F584A6A1-469D-4755-9BE0-26241F56E452}.Debug|Mixed Platforms.Build.0 = Debug|Any CPU
		{F584A6A1-469D-4755-9BE0-26241F56E452}.Debug|x86.ActiveCfg = Debug|Any CPU
		{F584A6A1-469D-4755-9BE0-26241F56E452}.Release|Any CPU.ActiveCfg = Release|Any CPU
		{F584A6A1-469D-4755-9BE0-26241F56E452}.Release|Any CPU.Build.0 = Release|Any CPU
		{F584A6A1-469D-4755-9BE0-26241F56E452}.Release|Mixed Platforms.ActiveCfg = Release|Any CPU
		{F584A6A1-469D-4755-9BE0-26241F56E452}.Release|Mixed Platforms.Build.0 = Release|Any CPU
		{F584A6A1-469D-4755-9BE0-26241F56E452}.Release|x86.ActiveCfg = Release|Any CPU
		{200FB3E2-C92B-43C8-A944-4CD4BE5A233B}.Debug|Any CPU.ActiveCfg = Debug|Any CPU
		{200FB3E2-C92B-43C8-A944-4CD4BE5A233B}.Debug|Any CPU.Build.0 = Debug|Any CPU
		{200FB3E2-C92B-43C8-A944-4CD4BE5A233B}.Debug|Mixed Platforms.ActiveCfg = Debug|Any CPU
		{200FB3E2-C92B-43C8-A944-4CD4BE5A233B}.Debug|Mixed Platforms.Build.0 = Debug|Any CPU
		{200FB3E2-C92B-43C8-A944-4CD4BE5A233B}.Debug|x86.ActiveCfg = Debug|Any CPU
		{200FB3E2-C92B-43C8-A944-4CD4BE5A233B}.Release|Any CPU.ActiveCfg = Release|Any CPU
		{200FB3E2-C92B-43C8-A944-4CD4BE5A233B}.Release|Any CPU.Build.0 = Release|Any CPU
		{200FB3E2-C92B-43C8-A944-4CD4BE5A233B}.Release|Mixed Platforms.ActiveCfg = Release|Any CPU
		{200FB3E2-C92B-43C8-A944-4CD4BE5A233B}.Release|Mixed Platforms.Build.0 = Release|Any CPU
		{200FB3E2-C92B-43C8-A944-4CD4BE5A233B}.Release|x86.ActiveCfg = Release|Any CPU
		{4DDE8B82-8C78-4F85-8392-B3E2AA46E600}.Debug|Any CPU.ActiveCfg = Debug|Any CPU
		{4DDE8B82-8C78-4F85-8392-B3E2AA46E600}.Debug|Any CPU.Build.0 = Debug|Any CPU
		{4DDE8B82-8C78-4F85-8392-B3E2AA46E600}.Debug|Mixed Platforms.ActiveCfg = Debug|Any CPU
		{4DDE8B82-8C78-4F85-8392-B3E2AA46E600}.Debug|Mixed Platforms.Build.0 = Debug|Any CPU
		{4DDE8B82-8C78-4F85-8392-B3E2AA46E600}.Debug|x86.ActiveCfg = Debug|Any CPU
		{4DDE8B82-8C78-4F85-8392-B3E2AA46E600}.Release|Any CPU.ActiveCfg = Release|Any CPU
		{4DDE8B82-8C78-4F85-8392-B3E2AA46E600}.Release|Any CPU.Build.0 = Release|Any CPU
		{4DDE8B82-8C78-4F85-8392-B3E2AA46E600}.Release|Mixed Platforms.ActiveCfg = Release|Any CPU
		{4DDE8B82-8C78-4F85-8392-B3E2AA46E600}.Release|Mixed Platforms.Build.0 = Release|Any CPU
		{4DDE8B82-8C78-4F85-8392-B3E2AA46E600}.Release|x86.ActiveCfg = Release|Any CPU
		{F159DEE7-6216-4335-82DF-556FF74084A1}.Debug|Any CPU.ActiveCfg = Debug|Any CPU
		{F159DEE7-6216-4335-82DF-556FF74084A1}.Debug|Any CPU.Build.0 = Debug|Any CPU
		{F159DEE7-6216-4335-82DF-556FF74084A1}.Debug|Mixed Platforms.ActiveCfg = Debug|Any CPU
		{F159DEE7-6216-4335-82DF-556FF74084A1}.Debug|Mixed Platforms.Build.0 = Debug|Any CPU
		{F159DEE7-6216-4335-82DF-556FF74084A1}.Debug|x86.ActiveCfg = Debug|Any CPU
		{F159DEE7-6216-4335-82DF-556FF74084A1}.Release|Any CPU.ActiveCfg = Release|Any CPU
		{F159DEE7-6216-4335-82DF-556FF74084A1}.Release|Any CPU.Build.0 = Release|Any CPU
		{F159DEE7-6216-4335-82DF-556FF74084A1}.Release|Mixed Platforms.ActiveCfg = Release|Any CPU
		{F159DEE7-6216-4335-82DF-556FF74084A1}.Release|Mixed Platforms.Build.0 = Release|Any CPU
		{F159DEE7-6216-4335-82DF-556FF74084A1}.Release|x86.ActiveCfg = Release|Any CPU
		{92889CB5-EDD2-4AA7-9030-C1D9B9B40FA9}.Debug|Any CPU.ActiveCfg = Debug|Any CPU
		{92889CB5-EDD2-4AA7-9030-C1D9B9B40FA9}.Debug|Any CPU.Build.0 = Debug|Any CPU
		{92889CB5-EDD2-4AA7-9030-C1D9B9B40FA9}.Debug|Mixed Platforms.ActiveCfg = Debug|Any CPU
		{92889CB5-EDD2-4AA7-9030-C1D9B9B40FA9}.Debug|Mixed Platforms.Build.0 = Debug|Any CPU
		{92889CB5-EDD2-4AA7-9030-C1D9B9B40FA9}.Debug|x86.ActiveCfg = Debug|Any CPU
		{92889CB5-EDD2-4AA7-9030-C1D9B9B40FA9}.Release|Any CPU.ActiveCfg = Release|Any CPU
		{92889CB5-EDD2-4AA7-9030-C1D9B9B40FA9}.Release|Any CPU.Build.0 = Release|Any CPU
		{92889CB5-EDD2-4AA7-9030-C1D9B9B40FA9}.Release|Mixed Platforms.ActiveCfg = Release|Any CPU
		{92889CB5-EDD2-4AA7-9030-C1D9B9B40FA9}.Release|Mixed Platforms.Build.0 = Release|Any CPU
		{92889CB5-EDD2-4AA7-9030-C1D9B9B40FA9}.Release|x86.ActiveCfg = Release|Any CPU
		{A3B0B184-809D-409C-9031-0082A9C58A10}.Debug|Any CPU.ActiveCfg = Debug|x86
		{A3B0B184-809D-409C-9031-0082A9C58A10}.Debug|Mixed Platforms.ActiveCfg = Debug|x86
		{A3B0B184-809D-409C-9031-0082A9C58A10}.Debug|Mixed Platforms.Build.0 = Debug|x86
		{A3B0B184-809D-409C-9031-0082A9C58A10}.Debug|x86.ActiveCfg = Debug|x86
		{A3B0B184-809D-409C-9031-0082A9C58A10}.Debug|x86.Build.0 = Debug|x86
		{A3B0B184-809D-409C-9031-0082A9C58A10}.Release|Any CPU.ActiveCfg = Release|x86
		{A3B0B184-809D-409C-9031-0082A9C58A10}.Release|Mixed Platforms.ActiveCfg = Release|x86
		{A3B0B184-809D-409C-9031-0082A9C58A10}.Release|Mixed Platforms.Build.0 = Release|x86
		{A3B0B184-809D-409C-9031-0082A9C58A10}.Release|x86.ActiveCfg = Release|x86
		{A3B0B184-809D-409C-9031-0082A9C58A10}.Release|x86.Build.0 = Release|x86
		{1C35C29A-094A-4F16-924F-C5FDE187D96D}.Debug|Any CPU.ActiveCfg = Debug|Any CPU
		{1C35C29A-094A-4F16-924F-C5FDE187D96D}.Debug|Any CPU.Build.0 = Debug|Any CPU
		{1C35C29A-094A-4F16-924F-C5FDE187D96D}.Debug|Mixed Platforms.ActiveCfg = Debug|Any CPU
		{1C35C29A-094A-4F16-924F-C5FDE187D96D}.Debug|Mixed Platforms.Build.0 = Debug|Any CPU
		{1C35C29A-094A-4F16-924F-C5FDE187D96D}.Debug|x86.ActiveCfg = Debug|Any CPU
		{1C35C29A-094A-4F16-924F-C5FDE187D96D}.Release|Any CPU.ActiveCfg = Release|Any CPU
		{1C35C29A-094A-4F16-924F-C5FDE187D96D}.Release|Any CPU.Build.0 = Release|Any CPU
		{1C35C29A-094A-4F16-924F-C5FDE187D96D}.Release|Mixed Platforms.ActiveCfg = Release|Any CPU
		{1C35C29A-094A-4F16-924F-C5FDE187D96D}.Release|Mixed Platforms.Build.0 = Release|Any CPU
		{1C35C29A-094A-4F16-924F-C5FDE187D96D}.Release|x86.ActiveCfg = Release|Any CPU
		{6615CF08-B47C-42AF-877F-00A13943CA86}.Debug|Any CPU.ActiveCfg = Debug|Any CPU
		{6615CF08-B47C-42AF-877F-00A13943CA86}.Debug|Any CPU.Build.0 = Debug|Any CPU
		{6615CF08-B47C-42AF-877F-00A13943CA86}.Debug|Mixed Platforms.ActiveCfg = Debug|Any CPU
		{6615CF08-B47C-42AF-877F-00A13943CA86}.Debug|Mixed Platforms.Build.0 = Debug|Any CPU
		{6615CF08-B47C-42AF-877F-00A13943CA86}.Debug|x86.ActiveCfg = Debug|Any CPU
		{6615CF08-B47C-42AF-877F-00A13943CA86}.Release|Any CPU.ActiveCfg = Release|Any CPU
		{6615CF08-B47C-42AF-877F-00A13943CA86}.Release|Any CPU.Build.0 = Release|Any CPU
		{6615CF08-B47C-42AF-877F-00A13943CA86}.Release|Mixed Platforms.ActiveCfg = Release|Any CPU
		{6615CF08-B47C-42AF-877F-00A13943CA86}.Release|Mixed Platforms.Build.0 = Release|Any CPU
		{6615CF08-B47C-42AF-877F-00A13943CA86}.Release|x86.ActiveCfg = Release|Any CPU
		{9CB9BDB7-29AB-4778-8F49-E7E5B3A43780}.Debug|Any CPU.ActiveCfg = Debug|Any CPU
		{9CB9BDB7-29AB-4778-8F49-E7E5B3A43780}.Debug|Any CPU.Build.0 = Debug|Any CPU
		{9CB9BDB7-29AB-4778-8F49-E7E5B3A43780}.Debug|Mixed Platforms.ActiveCfg = Debug|Any CPU
		{9CB9BDB7-29AB-4778-8F49-E7E5B3A43780}.Debug|Mixed Platforms.Build.0 = Debug|Any CPU
		{9CB9BDB7-29AB-4778-8F49-E7E5B3A43780}.Debug|x86.ActiveCfg = Debug|Any CPU
		{9CB9BDB7-29AB-4778-8F49-E7E5B3A43780}.Release|Any CPU.ActiveCfg = Release|Any CPU
		{9CB9BDB7-29AB-4778-8F49-E7E5B3A43780}.Release|Any CPU.Build.0 = Release|Any CPU
		{9CB9BDB7-29AB-4778-8F49-E7E5B3A43780}.Release|Mixed Platforms.ActiveCfg = Release|Any CPU
		{9CB9BDB7-29AB-4778-8F49-E7E5B3A43780}.Release|Mixed Platforms.Build.0 = Release|Any CPU
		{9CB9BDB7-29AB-4778-8F49-E7E5B3A43780}.Release|x86.ActiveCfg = Release|Any CPU
		{1B1AB6C6-5603-470F-A05A-712682A87CEE}.Debug|Any CPU.ActiveCfg = Debug|Any CPU
		{1B1AB6C6-5603-470F-A05A-712682A87CEE}.Debug|Any CPU.Build.0 = Debug|Any CPU
		{1B1AB6C6-5603-470F-A05A-712682A87CEE}.Debug|Mixed Platforms.ActiveCfg = Debug|Any CPU
		{1B1AB6C6-5603-470F-A05A-712682A87CEE}.Debug|Mixed Platforms.Build.0 = Debug|Any CPU
		{1B1AB6C6-5603-470F-A05A-712682A87CEE}.Debug|x86.ActiveCfg = Debug|Any CPU
		{1B1AB6C6-5603-470F-A05A-712682A87CEE}.Release|Any CPU.ActiveCfg = Release|Any CPU
		{1B1AB6C6-5603-470F-A05A-712682A87CEE}.Release|Any CPU.Build.0 = Release|Any CPU
		{1B1AB6C6-5603-470F-A05A-712682A87CEE}.Release|Mixed Platforms.ActiveCfg = Release|Any CPU
		{1B1AB6C6-5603-470F-A05A-712682A87CEE}.Release|Mixed Platforms.Build.0 = Release|Any CPU
		{1B1AB6C6-5603-470F-A05A-712682A87CEE}.Release|x86.ActiveCfg = Release|Any CPU
		{0830AE66-7582-4AC4-83BA-EDCE2605FAED}.Debug|Any CPU.ActiveCfg = Debug|Any CPU
		{0830AE66-7582-4AC4-83BA-EDCE2605FAED}.Debug|Any CPU.Build.0 = Debug|Any CPU
		{0830AE66-7582-4AC4-83BA-EDCE2605FAED}.Debug|Mixed Platforms.ActiveCfg = Debug|Any CPU
		{0830AE66-7582-4AC4-83BA-EDCE2605FAED}.Debug|Mixed Platforms.Build.0 = Debug|Any CPU
		{0830AE66-7582-4AC4-83BA-EDCE2605FAED}.Debug|x86.ActiveCfg = Debug|Any CPU
		{0830AE66-7582-4AC4-83BA-EDCE2605FAED}.Release|Any CPU.ActiveCfg = Release|Any CPU
		{0830AE66-7582-4AC4-83BA-EDCE2605FAED}.Release|Any CPU.Build.0 = Release|Any CPU
		{0830AE66-7582-4AC4-83BA-EDCE2605FAED}.Release|Mixed Platforms.ActiveCfg = Release|Any CPU
		{0830AE66-7582-4AC4-83BA-EDCE2605FAED}.Release|Mixed Platforms.Build.0 = Release|Any CPU
		{0830AE66-7582-4AC4-83BA-EDCE2605FAED}.Release|x86.ActiveCfg = Release|Any CPU
		{DC606420-EEB7-43AB-A8BF-53BB78F949C6}.Debug|Any CPU.ActiveCfg = Debug|Any CPU
		{DC606420-EEB7-43AB-A8BF-53BB78F949C6}.Debug|Any CPU.Build.0 = Debug|Any CPU
		{DC606420-EEB7-43AB-A8BF-53BB78F949C6}.Debug|Mixed Platforms.ActiveCfg = Debug|Any CPU
		{DC606420-EEB7-43AB-A8BF-53BB78F949C6}.Debug|Mixed Platforms.Build.0 = Debug|Any CPU
		{DC606420-EEB7-43AB-A8BF-53BB78F949C6}.Debug|x86.ActiveCfg = Debug|Any CPU
		{DC606420-EEB7-43AB-A8BF-53BB78F949C6}.Release|Any CPU.ActiveCfg = Release|Any CPU
		{DC606420-EEB7-43AB-A8BF-53BB78F949C6}.Release|Any CPU.Build.0 = Release|Any CPU
		{DC606420-EEB7-43AB-A8BF-53BB78F949C6}.Release|Mixed Platforms.ActiveCfg = Release|Any CPU
		{DC606420-EEB7-43AB-A8BF-53BB78F949C6}.Release|Mixed Platforms.Build.0 = Release|Any CPU
		{DC606420-EEB7-43AB-A8BF-53BB78F949C6}.Release|x86.ActiveCfg = Release|Any CPU
		{6672CBB0-9BAE-48E1-BBC9-255FB90033EC}.Debug|Any CPU.ActiveCfg = Debug|Any CPU
		{6672CBB0-9BAE-48E1-BBC9-255FB90033EC}.Debug|Any CPU.Build.0 = Debug|Any CPU
		{6672CBB0-9BAE-48E1-BBC9-255FB90033EC}.Debug|Mixed Platforms.ActiveCfg = Debug|Any CPU
		{6672CBB0-9BAE-48E1-BBC9-255FB90033EC}.Debug|Mixed Platforms.Build.0 = Debug|Any CPU
		{6672CBB0-9BAE-48E1-BBC9-255FB90033EC}.Debug|x86.ActiveCfg = Debug|Any CPU
		{6672CBB0-9BAE-48E1-BBC9-255FB90033EC}.Release|Any CPU.ActiveCfg = Release|Any CPU
		{6672CBB0-9BAE-48E1-BBC9-255FB90033EC}.Release|Any CPU.Build.0 = Release|Any CPU
		{6672CBB0-9BAE-48E1-BBC9-255FB90033EC}.Release|Mixed Platforms.ActiveCfg = Release|Any CPU
		{6672CBB0-9BAE-48E1-BBC9-255FB90033EC}.Release|Mixed Platforms.Build.0 = Release|Any CPU
		{6672CBB0-9BAE-48E1-BBC9-255FB90033EC}.Release|x86.ActiveCfg = Release|Any CPU
	EndGlobalSection
	GlobalSection(SolutionProperties) = preSolution
		HideSolutionNode = FALSE
	EndGlobalSection
	GlobalSection(NestedProjects) = preSolution
		{200FB3E2-C92B-43C8-A944-4CD4BE5A233B} = {13D9809B-6F40-4DC1-862F-26C88D92C5E4}
		{4DDE8B82-8C78-4F85-8392-B3E2AA46E600} = {13D9809B-6F40-4DC1-862F-26C88D92C5E4}
		{1C35C29A-094A-4F16-924F-C5FDE187D96D} = {13D9809B-6F40-4DC1-862F-26C88D92C5E4}
		{F584A6A1-469D-4755-9BE0-26241F56E452} = {13D9809B-6F40-4DC1-862F-26C88D92C5E4}
		{D231F52C-1650-4523-A365-7AB2009A6BF7} = {EF47D692-349F-46E2-9725-C3EBF2165820}
		{B0BF4273-9A8D-4E86-BEDF-169B5C80D9CC} = {EF47D692-349F-46E2-9725-C3EBF2165820}
		{92889CB5-EDD2-4AA7-9030-C1D9B9B40FA9} = {38B68107-02F6-442A-8AE7-984978F26609}
		{6615CF08-B47C-42AF-877F-00A13943CA86} = {38B68107-02F6-442A-8AE7-984978F26609}
		{9CB9BDB7-29AB-4778-8F49-E7E5B3A43780} = {38B68107-02F6-442A-8AE7-984978F26609}
		{F159DEE7-6216-4335-82DF-556FF74084A1} = {38B68107-02F6-442A-8AE7-984978F26609}
		{92BCE3AE-D949-47FD-BA01-52689A3061C8} = {D231F52C-1650-4523-A365-7AB2009A6BF7}
		{4E8CC641-EB97-4EAF-85AA-B80BB06ECD9D} = {D231F52C-1650-4523-A365-7AB2009A6BF7}
		{DC606420-EEB7-43AB-A8BF-53BB78F949C6} = {B54EAEBA-8383-46B8-AADB-2E67D3D3AE8F}
		{A3B0B184-809D-409C-9031-0082A9C58A10} = {B54EAEBA-8383-46B8-AADB-2E67D3D3AE8F}
		{0830AE66-7582-4AC4-83BA-EDCE2605FAED} = {D0342D99-F3B6-4B65-BF3E-2D485B8FB195}
		{6672CBB0-9BAE-48E1-BBC9-255FB90033EC} = {D0342D99-F3B6-4B65-BF3E-2D485B8FB195}
		{1B1AB6C6-5603-470F-A05A-712682A87CEE} = {D0342D99-F3B6-4B65-BF3E-2D485B8FB195}
	EndGlobalSection
EndGlobal
