
Microsoft Visual Studio Solution File, Format Version 10.00
# Visual C# Express 2008
Project("{FAE04EC0-301F-11D3-BF4B-00C04F79EFBC}") = "OneSSharp.Data", "OneSSharp.Data\OneSSharp.Data.csproj", "{F159DEE7-6216-4335-82DF-556FF74084A1}"
EndProject
Project("{FAE04EC0-301F-11D3-BF4B-00C04F79EFBC}") = "OneSSharp.Data.Tests", "OneSSharp.Data.Tests\OneSSharp.Data.Tests.csproj", "{92889CB5-EDD2-4AA7-9030-C1D9B9B40FA9}"
EndProject
Global
	GlobalSection(SolutionConfigurationPlatforms) = preSolution
		Debug|Any CPU = Debug|Any CPU
		Release|Any CPU = Release|Any CPU
	EndGlobalSection
	GlobalSection(ProjectConfigurationPlatforms) = postSolution
		{F159DEE7-6216-4335-82DF-556FF74084A1}.Debug|Any CPU.ActiveCfg = Debug|Any CPU
		{F159DEE7-6216-4335-82DF-556FF74084A1}.Debug|Any CPU.Build.0 = Debug|Any CPU
		{F159DEE7-6216-4335-82DF-556FF74084A1}.Release|Any CPU.ActiveCfg = Release|Any CPU
		{F159DEE7-6216-4335-82DF-556FF74084A1}.Release|Any CPU.Build.0 = Release|Any CPU
		{92889CB5-EDD2-4AA7-9030-C1D9B9B40FA9}.Debug|Any CPU.ActiveCfg = Debug|Any CPU
		{92889CB5-EDD2-4AA7-9030-C1D9B9B40FA9}.Debug|Any CPU.Build.0 = Debug|Any CPU
		{92889CB5-EDD2-4AA7-9030-C1D9B9B40FA9}.Release|Any CPU.ActiveCfg = Release|Any CPU
		{92889CB5-EDD2-4AA7-9030-C1D9B9B40FA9}.Release|Any CPU.Build.0 = Release|Any CPU
	EndGlobalSection
	GlobalSection(SolutionProperties) = preSolution
		HideSolutionNode = FALSE
	EndGlobalSection
EndGlobal
